// !$*UTF8*$!
{
	archiveVersion = 1;
	classes = {
	};
	objectVersion = 77;
	objects = {

/* Begin PBXBuildFile section */
		FFAABBCC112233440000002 /* TOYShared in Frameworks */ = {isa = PBXBuildFile; productRef = FFAABBCC112233440000003 /* TOYShared */; };
/* End PBXBuildFile section */

/* Begin PBXContainerItemProxy section */
		FF67B7082F2F6238007DAF2C /* PBXContainerItemProxy */ = {
			isa = PBXContainerItemProxy;
			containerPortal = FF67B6EF2F2F6236007DAF2C /* Project object */;
			proxyType = 1;
			remoteGlobalIDString = FF67B6F62F2F6236007DAF2C;
			remoteInfo = TOY;
		};
		FF67B7122F2F6238007DAF2C /* PBXContainerItemProxy */ = {
			isa = PBXContainerItemProxy;
			containerPortal = FF67B6EF2F2F6236007DAF2C /* Project object */;
			proxyType = 1;
			remoteGlobalIDString = FF67B6F62F2F6236007DAF2C;
			remoteInfo = TOY;
		};
/* End PBXContainerItemProxy section */

/* Begin PBXFileReference section */
		FF67B6F72F2F6236007DAF2C /* TOY.app */ = {isa = PBXFileReference; explicitFileType = wrapper.application; includeInIndex = 0; path = TOY.app; sourceTree = BUILT_PRODUCTS_DIR; };
		FF67B7072F2F6238007DAF2C /* TOYTests.xctest */ = {isa = PBXFileReference; explicitFileType = wrapper.cfbundle; includeInIndex = 0; path = TOYTests.xctest; sourceTree = BUILT_PRODUCTS_DIR; };
		FF67B7112F2F6238007DAF2C /* TOYUITests.xctest */ = {isa = PBXFileReference; explicitFileType = wrapper.cfbundle; includeInIndex = 0; path = TOYUITests.xctest; sourceTree = BUILT_PRODUCTS_DIR; };
		FF67B8002F2F7000007DAF2C /* TOY/Debug.xcconfig */ = {isa = PBXFileReference; lastKnownFileType = text.xcconfig; path = TOY/Debug.xcconfig; sourceTree = SOURCE_ROOT; };
/* End PBXFileReference section */

/* Begin PBXFileSystemSynchronizedBuildFileExceptionSet section */
		FF67B9002F2F7100007DAF2C /* Exceptions for "TOY" folder in "TOY" target */ = {
			isa = PBXFileSystemSynchronizedBuildFileExceptionSet;
			membershipExceptions = (
				Info.plist,
			);
			target = FF67B6F62F2F6236007DAF2C /* TOY */;
		};
/* End PBXFileSystemSynchronizedBuildFileExceptionSet section */

/* Begin PBXFileSystemSynchronizedRootGroup section */
		FF67B6F92F2F6236007DAF2C /* TOY */ = {
			isa = PBXFileSystemSynchronizedRootGroup;
			exceptions = (
				FF67B9002F2F7100007DAF2C /* Exceptions for "TOY" folder in "TOY" target */,
			);
			path = TOY;
			sourceTree = "<group>";
		};
		FF67B70A2F2F6238007DAF2C /* TOYTests */ = {
			isa = PBXFileSystemSynchronizedRootGroup;
			path = TOYTests;
			sourceTree = "<group>";
		};
		FF67B7142F2F6238007DAF2C /* TOYUITests */ = {
			isa = PBXFileSystemSynchronizedRootGroup;
			path = TOYUITests;
			sourceTree = "<group>";
		};
/* End PBXFileSystemSynchronizedRootGroup section */

/* Begin PBXFrameworksBuildPhase section */
		FF67B6F42F2F6236007DAF2C /* Frameworks */ = {
			isa = PBXFrameworksBuildPhase;
			buildActionMask = 2147483647;
			files = (
				FFAABBCC112233440000002 /* TOYShared in Frameworks */,
			);
			runOnlyForDeploymentPostprocessing = 0;
		};
		FF67B7042F2F6238007DAF2C /* Frameworks */ = {
			isa = PBXFrameworksBuildPhase;
			buildActionMask = 2147483647;
			files = (
			);
			runOnlyForDeploymentPostprocessing = 0;
		};
		FF67B70E2F2F6238007DAF2C /* Frameworks */ = {
			isa = PBXFrameworksBuildPhase;
			buildActionMask = 2147483647;
			files = (
			);
			runOnlyForDeploymentPostprocessing = 0;
		};
/* End PBXFrameworksBuildPhase section */

/* Begin PBXGroup section */
		FF67B6EE2F2F6236007DAF2C = {
			isa = PBXGroup;
			children = (
				FF67B6F92F2F6236007DAF2C /* TOY */,
				FF67B70A2F2F6238007DAF2C /* TOYTests */,
				FF67B7142F2F6238007DAF2C /* TOYUITests */,
				FF67B6F82F2F6236007DAF2C /* Products */,
				FF67B8512F2FA521007DAF2C /* Recovered References */,
			);
			sourceTree = "<group>";
		};
		FF67B6F82F2F6236007DAF2C /* Products */ = {
			isa = PBXGroup;
			children = (
				FF67B6F72F2F6236007DAF2C /* TOY.app */,
				FF67B7072F2F6238007DAF2C /* TOYTests.xctest */,
				FF67B7112F2F6238007DAF2C /* TOYUITests.xctest */,
			);
			name = Products;
			sourceTree = "<group>";
		};
		FF67B8512F2FA521007DAF2C /* Recovered References */ = {
			isa = PBXGroup;
			children = (
				FF67B8002F2F7000007DAF2C /* TOY/Debug.xcconfig */,
			);
			name = "Recovered References";
			sourceTree = "<group>";
		};
/* End PBXGroup section */

/* Begin PBXNativeTarget section */
		FF67B6F62F2F6236007DAF2C /* TOY */ = {
			isa = PBXNativeTarget;
			buildConfigurationList = FF67B71B2F2F6238007DAF2C /* Build configuration list for PBXNativeTarget "TOY" */;
			buildPhases = (
				FF67B6F32F2F6236007DAF2C /* Sources */,
				FF67B6F42F2F6236007DAF2C /* Frameworks */,
				FF67B6F52F2F6236007DAF2C /* Resources */,
			);
			buildRules = (
			);
			dependencies = (
			);
			fileSystemSynchronizedGroups = (
				FF67B6F92F2F6236007DAF2C /* TOY */,
			);
			name = TOY;
			packageProductDependencies = (
				FFAABBCC112233440000003 /* TOYShared */,
			);
			productName = TOY;
			productReference = FF67B6F72F2F6236007DAF2C /* TOY.app */;
			productType = "com.apple.product-type.application";
		};
		FF67B7062F2F6238007DAF2C /* TOYTests */ = {
			isa = PBXNativeTarget;
			buildConfigurationList = FF67B71E2F2F6238007DAF2C /* Build configuration list for PBXNativeTarget "TOYTests" */;
			buildPhases = (
				FF67B7032F2F6238007DAF2C /* Sources */,
				FF67B7042F2F6238007DAF2C /* Frameworks */,
				FF67B7052F2F6238007DAF2C /* Resources */,
			);
			buildRules = (
			);
			dependencies = (
				FF67B7092F2F6238007DAF2C /* PBXTargetDependency */,
			);
			fileSystemSynchronizedGroups = (
				FF67B70A2F2F6238007DAF2C /* TOYTests */,
			);
			name = TOYTests;
			packageProductDependencies = (
			);
			productName = TOYTests;
			productReference = FF67B7072F2F6238007DAF2C /* TOYTests.xctest */;
			productType = "com.apple.product-type.bundle.unit-test";
		};
		FF67B7102F2F6238007DAF2C /* TOYUITests */ = {
			isa = PBXNativeTarget;
			buildConfigurationList = FF67B7212F2F6238007DAF2C /* Build configuration list for PBXNativeTarget "TOYUITests" */;
			buildPhases = (
				FF67B70D2F2F6238007DAF2C /* Sources */,
				FF67B70E2F2F6238007DAF2C /* Frameworks */,
				FF67B70F2F2F6238007DAF2C /* Resources */,
			);
			buildRules = (
			);
			dependencies = (
				FF67B7132F2F6238007DAF2C /* PBXTargetDependency */,
			);
			fileSystemSynchronizedGroups = (
				FF67B7142F2F6238007DAF2C /* TOYUITests */,
			);
			name = TOYUITests;
			packageProductDependencies = (
			);
			productName = TOYUITests;
			productReference = FF67B7112F2F6238007DAF2C /* TOYUITests.xctest */;
			productType = "com.apple.product-type.bundle.ui-testing";
		};
/* End PBXNativeTarget section */

/* Begin PBXProject section */
		FF67B6EF2F2F6236007DAF2C /* Project object */ = {
			isa = PBXProject;
			attributes = {
				BuildIndependentTargetsInParallel = 1;
				LastSwiftUpdateCheck = 1620;
				LastUpgradeCheck = 1620;
				TargetAttributes = {
					FF67B6F62F2F6236007DAF2C = {
						CreatedOnToolsVersion = 16.2;
					};
					FF67B7062F2F6238007DAF2C = {
						CreatedOnToolsVersion = 16.2;
						TestTargetID = FF67B6F62F2F6236007DAF2C;
					};
					FF67B7102F2F6238007DAF2C = {
						CreatedOnToolsVersion = 16.2;
						TestTargetID = FF67B6F62F2F6236007DAF2C;
					};
				};
			};
			buildConfigurationList = FF67B6F22F2F6236007DAF2C /* Build configuration list for PBXProject "TOY" */;
			developmentRegion = en;
			hasScannedForEncodings = 0;
			knownRegions = (
				en,
				Base,
			);
			mainGroup = FF67B6EE2F2F6236007DAF2C;
			minimizedProjectReferenceProxies = 1;
			packageReferences = (
				FFAABBCC112233440000004 /* XCLocalSwiftPackageReference "TOY/TOYShared" */,
			);
			preferredProjectObjectVersion = 77;
			productRefGroup = FF67B6F82F2F6236007DAF2C /* Products */;
			projectDirPath = "";
			projectRoot = "";
			targets = (
				FF67B6F62F2F6236007DAF2C /* TOY */,
				FF67B7062F2F6238007DAF2C /* TOYTests */,
				FF67B7102F2F6238007DAF2C /* TOYUITests */,
			);
		};
/* End PBXProject section */

/* Begin PBXResourcesBuildPhase section */
		FF67B6F52F2F6236007DAF2C /* Resources */ = {
			isa = PBXResourcesBuildPhase;
			buildActionMask = 2147483647;
			files = (
			);
			runOnlyForDeploymentPostprocessing = 0;
		};
		FF67B7052F2F6238007DAF2C /* Resources */ = {
			isa = PBXResourcesBuildPhase;
			buildActionMask = 2147483647;
			files = (
			);
			runOnlyForDeploymentPostprocessing = 0;
		};
		FF67B70F2F2F6238007DAF2C /* Resources */ = {
			isa = PBXResourcesBuildPhase;
			buildActionMask = 2147483647;
			files = (
			);
			runOnlyForDeploymentPostprocessing = 0;
		};
/* End PBXResourcesBuildPhase section */

/* Begin PBXSourcesBuildPhase section */
		FF67B6F32F2F6236007DAF2C /* Sources */ = {
			isa = PBXSourcesBuildPhase;
			buildActionMask = 2147483647;
			files = (
			);
			runOnlyForDeploymentPostprocessing = 0;
		};
		FF67B7032F2F6238007DAF2C /* Sources */ = {
			isa = PBXSourcesBuildPhase;
			buildActionMask = 2147483647;
			files = (
			);
			runOnlyForDeploymentPostprocessing = 0;
		};
		FF67B70D2F2F6238007DAF2C /* Sources */ = {
			isa = PBXSourcesBuildPhase;
			buildActionMask = 2147483647;
			files = (
			);
			runOnlyForDeploymentPostprocessing = 0;
		};
/* End PBXSourcesBuildPhase section */

/* Begin PBXTargetDependency section */
		FF67B7092F2F6238007DAF2C /* PBXTargetDependency */ = {
			isa = PBXTargetDependency;
			target = FF67B6F62F2F6236007DAF2C /* TOY */;
			targetProxy = FF67B7082F2F6238007DAF2C /* PBXContainerItemProxy */;
		};
		FF67B7132F2F6238007DAF2C /* PBXTargetDependency */ = {
			isa = PBXTargetDependency;
			target = FF67B6F62F2F6236007DAF2C /* TOY */;
			targetProxy = FF67B7122F2F6238007DAF2C /* PBXContainerItemProxy */;
		};
/* End PBXTargetDependency section */

/* Begin XCBuildConfiguration section */
		FF67B7192F2F6238007DAF2C /* Debug */ = {
			isa = XCBuildConfiguration;
			buildSettings = {
				ALWAYS_SEARCH_USER_PATHS = NO;
				ASSETCATALOG_COMPILER_GENERATE_SWIFT_ASSET_SYMBOL_EXTENSIONS = YES;
				CLANG_ANALYZER_NONNULL = YES;
				CLANG_ANALYZER_NUMBER_OBJECT_CONVERSION = YES_AGGRESSIVE;
				CLANG_CXX_LANGUAGE_STANDARD = "gnu++20";
				CLANG_ENABLE_MODULES = YES;
				CLANG_ENABLE_OBJC_ARC = YES;
				CLANG_ENABLE_OBJC_WEAK = YES;
				CLANG_WARN_BLOCK_CAPTURE_AUTORELEASING = YES;
				CLANG_WARN_BOOL_CONVERSION = YES;
				CLANG_WARN_COMMA = YES;
				CLANG_WARN_CONSTANT_CONVERSION = YES;
				CLANG_WARN_DEPRECATED_OBJC_IMPLEMENTATIONS = YES;
				CLANG_WARN_DIRECT_OBJC_ISA_USAGE = YES_ERROR;
				CLANG_WARN_DOCUMENTATION_COMMENTS = YES;
				CLANG_WARN_EMPTY_BODY = YES;
				CLANG_WARN_ENUM_CONVERSION = YES;
				CLANG_WARN_INFINITE_RECURSION = YES;
				CLANG_WARN_INT_CONVERSION = YES;
				CLANG_WARN_NON_LITERAL_NULL_CONVERSION = YES;
				CLANG_WARN_OBJC_IMPLICIT_RETAIN_SELF = YES;
				CLANG_WARN_OBJC_LITERAL_CONVERSION = YES;
				CLANG_WARN_OBJC_ROOT_CLASS = YES_ERROR;
				CLANG_WARN_QUOTED_INCLUDE_IN_FRAMEWORK_HEADER = YES;
				CLANG_WARN_RANGE_LOOP_ANALYSIS = YES;
				CLANG_WARN_STRICT_PROTOTYPES = YES;
				CLANG_WARN_SUSPICIOUS_MOVE = YES;
				CLANG_WARN_UNGUARDED_AVAILABILITY = YES_AGGRESSIVE;
				CLANG_WARN_UNREACHABLE_CODE = YES;
				CLANG_WARN__DUPLICATE_METHOD_MATCH = YES;
				COPY_PHASE_STRIP = NO;
				DEBUG_INFORMATION_FORMAT = dwarf;
				ENABLE_STRICT_OBJC_MSGSEND = YES;
				ENABLE_TESTABILITY = YES;
				ENABLE_USER_SCRIPT_SANDBOXING = YES;
				GCC_C_LANGUAGE_STANDARD = gnu17;
				GCC_DYNAMIC_NO_PIC = NO;
				GCC_NO_COMMON_BLOCKS = YES;
				GCC_OPTIMIZATION_LEVEL = 0;
				GCC_PREPROCESSOR_DEFINITIONS = (
					"DEBUG=1",
					"$(inherited)",
				);
				GCC_WARN_64_TO_32_BIT_CONVERSION = YES;
				GCC_WARN_ABOUT_RETURN_TYPE = YES_ERROR;
				GCC_WARN_UNDECLARED_SELECTOR = YES;
				GCC_WARN_UNINITIALIZED_AUTOS = YES_AGGRESSIVE;
				GCC_WARN_UNUSED_FUNCTION = YES;
				GCC_WARN_UNUSED_VARIABLE = YES;
				IPHONEOS_DEPLOYMENT_TARGET = 18.2;
				LOCALIZATION_PREFERS_STRING_CATALOGS = YES;
				MTL_ENABLE_DEBUG_INFO = INCLUDE_SOURCE;
				MTL_FAST_MATH = YES;
				ONLY_ACTIVE_ARCH = YES;
				SDKROOT = iphoneos;
				SWIFT_ACTIVE_COMPILATION_CONDITIONS = "DEBUG $(inherited)";
				SWIFT_OPTIMIZATION_LEVEL = "-Onone";
			};
			name = Debug;
		};
		FF67B71A2F2F6238007DAF2C /* Release */ = {
			isa = XCBuildConfiguration;
			buildSettings = {
				ALWAYS_SEARCH_USER_PATHS = NO;
				ASSETCATALOG_COMPILER_GENERATE_SWIFT_ASSET_SYMBOL_EXTENSIONS = YES;
				CLANG_ANALYZER_NONNULL = YES;
				CLANG_ANALYZER_NUMBER_OBJECT_CONVERSION = YES_AGGRESSIVE;
				CLANG_CXX_LANGUAGE_STANDARD = "gnu++20";
				CLANG_ENABLE_MODULES = YES;
				CLANG_ENABLE_OBJC_ARC = YES;
				CLANG_ENABLE_OBJC_WEAK = YES;
				CLANG_WARN_BLOCK_CAPTURE_AUTORELEASING = YES;
				CLANG_WARN_BOOL_CONVERSION = YES;
				CLANG_WARN_COMMA = YES;
				CLANG_WARN_CONSTANT_CONVERSION = YES;
				CLANG_WARN_DEPRECATED_OBJC_IMPLEMENTATIONS = YES;
				CLANG_WARN_DIRECT_OBJC_ISA_USAGE = YES_ERROR;
				CLANG_WARN_DOCUMENTATION_COMMENTS = YES;
				CLANG_WARN_EMPTY_BODY = YES;
				CLANG_WARN_ENUM_CONVERSION = YES;
				CLANG_WARN_INFINITE_RECURSION = YES;
				CLANG_WARN_INT_CONVERSION = YES;
				CLANG_WARN_NON_LITERAL_NULL_CONVERSION = YES;
				CLANG_WARN_OBJC_IMPLICIT_RETAIN_SELF = YES;
				CLANG_WARN_OBJC_LITERAL_CONVERSION = YES;
				CLANG_WARN_OBJC_ROOT_CLASS = YES_ERROR;
				CLANG_WARN_QUOTED_INCLUDE_IN_FRAMEWORK_HEADER = YES;
				CLANG_WARN_RANGE_LOOP_ANALYSIS = YES;
				CLANG_WARN_STRICT_PROTOTYPES = YES;
				CLANG_WARN_SUSPICIOUS_MOVE = YES;
				CLANG_WARN_UNGUARDED_AVAILABILITY = YES_AGGRESSIVE;
				CLANG_WARN_UNREACHABLE_CODE = YES;
				CLANG_WARN__DUPLICATE_METHOD_MATCH = YES;
				COPY_PHASE_STRIP = NO;
				DEBUG_INFORMATION_FORMAT = "dwarf-with-dsym";
				ENABLE_NS_ASSERTIONS = NO;
				ENABLE_STRICT_OBJC_MSGSEND = YES;
				ENABLE_USER_SCRIPT_SANDBOXING = YES;
				GCC_C_LANGUAGE_STANDARD = gnu17;
				GCC_NO_COMMON_BLOCKS = YES;
				GCC_WARN_64_TO_32_BIT_CONVERSION = YES;
				GCC_WARN_ABOUT_RETURN_TYPE = YES_ERROR;
				GCC_WARN_UNDECLARED_SELECTOR = YES;
				GCC_WARN_UNINITIALIZED_AUTOS = YES_AGGRESSIVE;
				GCC_WARN_UNUSED_FUNCTION = YES;
				GCC_WARN_UNUSED_VARIABLE = YES;
				IPHONEOS_DEPLOYMENT_TARGET = 18.2;
				LOCALIZATION_PREFERS_STRING_CATALOGS = YES;
				MTL_ENABLE_DEBUG_INFO = NO;
				MTL_FAST_MATH = YES;
				SDKROOT = iphoneos;
				SWIFT_COMPILATION_MODE = wholemodule;
				VALIDATE_PRODUCT = YES;
			};
			name = Release;
		};
		FF67B71C2F2F6238007DAF2C /* Debug */ = {
			isa = XCBuildConfiguration;
			baseConfigurationReference = FF67B8002F2F7000007DAF2C /* TOY/Debug.xcconfig */;
			buildSettings = {
				ASSETCATALOG_COMPILER_APPICON_NAME = AppIcon;
				ASSETCATALOG_COMPILER_GLOBAL_ACCENT_COLOR_NAME = AccentColor;
				CODE_SIGN_STYLE = Automatic;
				CURRENT_PROJECT_VERSION = 1;
				DEVELOPMENT_ASSET_PATHS = "\"TOY/Preview Content\"";
				DEVELOPMENT_TEAM = ZH8H29HA3J;
				ENABLE_PREVIEWS = YES;
				GENERATE_INFOPLIST_FILE = YES;
				INFOPLIST_FILE = TOY/Info.plist;
				INFOPLIST_KEY_UIApplicationSceneManifest_Generation = YES;
				INFOPLIST_KEY_UIApplicationSupportsIndirectInputEvents = YES;
				INFOPLIST_KEY_UILaunchScreen_Generation = YES;
				INFOPLIST_KEY_UISupportedInterfaceOrientations_iPad = "UIInterfaceOrientationPortrait UIInterfaceOrientationPortraitUpsideDown UIInterfaceOrientationLandscapeLeft UIInterfaceOrientationLandscapeRight";
				INFOPLIST_KEY_UISupportedInterfaceOrientations_iPhone = "UIInterfaceOrientationPortrait UIInterfaceOrientationLandscapeLeft UIInterfaceOrientationLandscapeRight";
				LD_RUNPATH_SEARCH_PATHS = (
					"$(inherited)",
					"@executable_path/Frameworks",
				);
				MARKETING_VERSION = 1.0;
				PRODUCT_BUNDLE_IDENTIFIER = com.kindauseful.TOY;
				PRODUCT_NAME = "$(TARGET_NAME)";
				SWIFT_EMIT_LOC_STRINGS = YES;
				SWIFT_VERSION = 5.0;
				TARGETED_DEVICE_FAMILY = "1,2";
			};
			name = Debug;
		};
		FF67B71D2F2F6238007DAF2C /* Release */ = {
			isa = XCBuildConfiguration;
			buildSettings = {
				ASSETCATALOG_COMPILER_APPICON_NAME = AppIcon;
				ASSETCATALOG_COMPILER_GLOBAL_ACCENT_COLOR_NAME = AccentColor;
				CODE_SIGN_STYLE = Automatic;
				CURRENT_PROJECT_VERSION = 1;
				DEVELOPMENT_ASSET_PATHS = "\"TOY/Preview Content\"";
				DEVELOPMENT_TEAM = ZH8H29HA3J;
				ENABLE_PREVIEWS = YES;
				GENERATE_INFOPLIST_FILE = YES;
				INFOPLIST_FILE = TOY/Info.plist;
				INFOPLIST_KEY_UIApplicationSceneManifest_Generation = YES;
				INFOPLIST_KEY_UIApplicationSupportsIndirectInputEvents = YES;
				INFOPLIST_KEY_UILaunchScreen_Generation = YES;
				INFOPLIST_KEY_UISupportedInterfaceOrientations_iPad = "UIInterfaceOrientationPortrait UIInterfaceOrientationPortraitUpsideDown UIInterfaceOrientationLandscapeLeft UIInterfaceOrientationLandscapeRight";
				INFOPLIST_KEY_UISupportedInterfaceOrientations_iPhone = "UIInterfaceOrientationPortrait UIInterfaceOrientationLandscapeLeft UIInterfaceOrientationLandscapeRight";
				LD_RUNPATH_SEARCH_PATHS = (
					"$(inherited)",
					"@executable_path/Frameworks",
				);
				MARKETING_VERSION = 1.0;
				PRODUCT_BUNDLE_IDENTIFIER = com.kindauseful.TOY;
				PRODUCT_NAME = "$(TARGET_NAME)";
				SWIFT_EMIT_LOC_STRINGS = YES;
				SWIFT_VERSION = 5.0;
				TARGETED_DEVICE_FAMILY = "1,2";
			};
			name = Release;
		};
		FF67B71F2F2F6238007DAF2C /* Debug */ = {
			isa = XCBuildConfiguration;
			buildSettings = {
				BUNDLE_LOADER = "$(TEST_HOST)";
				CODE_SIGN_STYLE = Automatic;
				CURRENT_PROJECT_VERSION = 1;
				DEVELOPMENT_TEAM = ZH8H29HA3J;
				GENERATE_INFOPLIST_FILE = YES;
				IPHONEOS_DEPLOYMENT_TARGET = 18.2;
				MARKETING_VERSION = 1.0;
				PRODUCT_BUNDLE_IDENTIFIER = com.kindauseful.TOYTests;
				PRODUCT_NAME = "$(TARGET_NAME)";
				SWIFT_EMIT_LOC_STRINGS = NO;
				SWIFT_VERSION = 5.0;
				TARGETED_DEVICE_FAMILY = "1,2";
				TEST_HOST = "$(BUILT_PRODUCTS_DIR)/TOY.app/$(BUNDLE_EXECUTABLE_FOLDER_PATH)/TOY";
			};
			name = Debug;
		};
		FF67B7202F2F6238007DAF2C /* Release */ = {
			isa = XCBuildConfiguration;
			buildSettings = {
				BUNDLE_LOADER = "$(TEST_HOST)";
				CODE_SIGN_STYLE = Automatic;
				CURRENT_PROJECT_VERSION = 1;
				DEVELOPMENT_TEAM = ZH8H29HA3J;
				GENERATE_INFOPLIST_FILE = YES;
				IPHONEOS_DEPLOYMENT_TARGET = 18.2;
				MARKETING_VERSION = 1.0;
				PRODUCT_BUNDLE_IDENTIFIER = com.kindauseful.TOYTests;
				PRODUCT_NAME = "$(TARGET_NAME)";
				SWIFT_EMIT_LOC_STRINGS = NO;
				SWIFT_VERSION = 5.0;
				TARGETED_DEVICE_FAMILY = "1,2";
				TEST_HOST = "$(BUILT_PRODUCTS_DIR)/TOY.app/$(BUNDLE_EXECUTABLE_FOLDER_PATH)/TOY";
			};
			name = Release;
		};
		FF67B7222F2F6238007DAF2C /* Debug */ = {
			isa = XCBuildConfiguration;
			buildSettings = {
				CODE_SIGN_STYLE = Automatic;
				CURRENT_PROJECT_VERSION = 1;
				DEVELOPMENT_TEAM = ZH8H29HA3J;
				GENERATE_INFOPLIST_FILE = YES;
				MARKETING_VERSION = 1.0;
				PRODUCT_BUNDLE_IDENTIFIER = com.kindauseful.TOYUITests;
				PRODUCT_NAME = "$(TARGET_NAME)";
				SWIFT_EMIT_LOC_STRINGS = NO;
				SWIFT_VERSION = 5.0;
				TARGETED_DEVICE_FAMILY = "1,2";
				TEST_TARGET_NAME = TOY;
			};
			name = Debug;
		};
		FF67B7232F2F6238007DAF2C /* Release */ = {
			isa = XCBuildConfiguration;
			buildSettings = {
				CODE_SIGN_STYLE = Automatic;
				CURRENT_PROJECT_VERSION = 1;
				DEVELOPMENT_TEAM = ZH8H29HA3J;
				GENERATE_INFOPLIST_FILE = YES;
				MARKETING_VERSION = 1.0;
				PRODUCT_BUNDLE_IDENTIFIER = com.kindauseful.TOYUITests;
				PRODUCT_NAME = "$(TARGET_NAME)";
				SWIFT_EMIT_LOC_STRINGS = NO;
				SWIFT_VERSION = 5.0;
				TARGETED_DEVICE_FAMILY = "1,2";
				TEST_TARGET_NAME = TOY;
			};
			name = Release;
		};
/* End XCBuildConfiguration section */

/* Begin XCConfigurationList section */
		FF67B6F22F2F6236007DAF2C /* Build configuration list for PBXProject "TOY" */ = {
			isa = XCConfigurationList;
			buildConfigurations = (
				FF67B7192F2F6238007DAF2C /* Debug */,
				FF67B71A2F2F6238007DAF2C /* Release */,
			);
			defaultConfigurationIsVisible = 0;
			defaultConfigurationName = Release;
		};
		FF67B71B2F2F6238007DAF2C /* Build configuration list for PBXNativeTarget "TOY" */ = {
			isa = XCConfigurationList;
			buildConfigurations = (
				FF67B71C2F2F6238007DAF2C /* Debug */,
				FF67B71D2F2F6238007DAF2C /* Release */,
			);
			defaultConfigurationIsVisible = 0;
			defaultConfigurationName = Release;
		};
		FF67B71E2F2F6238007DAF2C /* Build configuration list for PBXNativeTarget "TOYTests" */ = {
			isa = XCConfigurationList;
			buildConfigurations = (
				FF67B71F2F2F6238007DAF2C /* Debug */,
				FF67B7202F2F6238007DAF2C /* Release */,
			);
			defaultConfigurationIsVisible = 0;
			defaultConfigurationName = Release;
		};
		FF67B7212F2F6238007DAF2C /* Build configuration list for PBXNativeTarget "TOYUITests" */ = {
			isa = XCConfigurationList;
			buildConfigurations = (
				FF67B7222F2F6238007DAF2C /* Debug */,
				FF67B7232F2F6238007DAF2C /* Release */,
			);
			defaultConfigurationIsVisible = 0;
			defaultConfigurationName = Release;
		};
/* End XCConfigurationList section */

/* Begin XCLocalSwiftPackageReference section */
		FFAABBCC112233440000004 /* XCLocalSwiftPackageReference "TOY/TOYShared" */ = {
			isa = XCLocalSwiftPackageReference;
			relativePath = TOY/TOYShared;
		};
/* End XCLocalSwiftPackageReference section */

/* Begin XCSwiftPackageProductDependency section */
		FFAABBCC112233440000003 /* TOYShared */ = {
			isa = XCSwiftPackageProductDependency;
			productName = TOYShared;
		};
/* End XCSwiftPackageProductDependency section */
	};
	rootObject = FF67B6EF2F2F6236007DAF2C /* Project object */;
}
